{
  "name": "react-strophejs-plugin-muc",
  "version": "1.1.0",
  "lockfileVersion": 1,
  "requires": true,
  "dependencies": {
    "react-strophe": {
      "version": "1.2.1-5.1",
      "resolved": "https://registry.npmjs.org/react-strophe/-/react-strophe-1.2.1-5.1.tgz",
      "integrity": "sha512-rqaHXr6x2g5A8geNPYc7C1v1T5ABIclJ0C7ZxZjmuMzvfnmlzY7BOG/3EFescf8kQG707v3076ZYi5fqpM/g2w=="
    }
  }
}
